PODS:
  - Flurry-iOS-SDK/CrashReporter (12.0.0)
  - Flurry-iOS-SDK/FlurryMessaging (12.0.0):
    - Flurry-iOS-SDK/FlurrySDK
  - Flurry-iOS-SDK/FlurrySDK (12.0.0):
    - Flurry-iOS-SDK/CrashReporter

DEPENDENCIES:
  - Flurry-iOS-SDK/FlurryMessaging
  - Flurry-iOS-SDK/FlurrySDK

SPEC REPOS:
  trunk:
    - Flurry-iOS-SDK

SPEC CHECKSUMS:
  Flurry-iOS-SDK: 9fe953e13199a56c93d769d51abeb042fe45b02c

PODFILE CHECKSUM: 144ce5ab254a9d04114e18ba1c5892d9baeff7e7

COCOAPODS: 1.11.2
