// !$*UTF8*$!
{
	archiveVersion = 1;
	classes = {
	};
	objectVersion = 50;
	objects = {

/* Begin PBXBuildFile section */
		346533EC53557214CE39F662 /* libPods-FlurryMarketingSampleApp_Obj.a in Frameworks */ = {isa = PBXBuildFile; fileRef = B6BB4D30C25F0FCFE1978EA2 /* libPods-FlurryMarketingSampleApp_Obj.a */; };
		761583452163E42A00DCDB6C /* AppDelegate.m in Sources */ = {isa = PBXBuildFile; fileRef = 761583442163E42A00DCDB6C /* AppDelegate.m */; };
		761583482163E42A00DCDB6C /* ViewController.m in Sources */ = {isa = PBXBuildFile; fileRef = 761583472163E42A00DCDB6C /* ViewController.m */; };
		7615834B2163E42A00DCDB6C /* Main.storyboard in Resources */ = {isa = PBXBuildFile; fileRef = 761583492163E42A00DCDB6C /* Main.storyboard */; };
		7615834D2163E42B00DCDB6C /* Assets.xcassets in Resources */ = {isa = PBXBuildFile; fileRef = 7615834C2163E42B00DCDB6C /* Assets.xcassets */; };
		761583502163E42B00DCDB6C /* LaunchScreen.storyboard in Resources */ = {isa = PBXBuildFile; fileRef = 7615834E2163E42B00DCDB6C /* LaunchScreen.storyboard */; };
		761583532163E42B00DCDB6C /* main.m in Sources */ = {isa = PBXBuildFile; fileRef = 761583522163E42B00DCDB6C /* main.m */; };
		7615835C2163E63B00DCDB6C /* KeyValueTableViewController.m in Sources */ = {isa = PBXBuildFile; fileRef = 7615835B2163E63B00DCDB6C /* KeyValueTableViewController.m */; };
		7615835E2163E66900DCDB6C /* FlurryMarketingConfig.plist in Resources */ = {isa = PBXBuildFile; fileRef = 7615835D2163E66900DCDB6C /* FlurryMarketingConfig.plist */; };
		761583612163E75900DCDB6C /* DeepLinkViewController.m in Sources */ = {isa = PBXBuildFile; fileRef = 761583602163E75900DCDB6C /* DeepLinkViewController.m */; };
/* End PBXBuildFile section */

/* Begin PBXFileReference section */
		761583402163E42A00DCDB6C /* FlurryMarketingSampleApp_Obj.app */ = {isa = PBXFileReference; explicitFileType = wrapper.application; includeInIndex = 0; path = FlurryMarketingSampleApp_Obj.app; sourceTree = BUILT_PRODUCTS_DIR; };
		761583432163E42A00DCDB6C /* AppDelegate.h */ = {isa = PBXFileReference; lastKnownFileType = sourcecode.c.h; path = AppDelegate.h; sourceTree = "<group>"; };
		761583442163E42A00DCDB6C /* AppDelegate.m */ = {isa = PBXFileReference; lastKnownFileType = sourcecode.c.objc; path = AppDelegate.m; sourceTree = "<group>"; };
		761583462163E42A00DCDB6C /* ViewController.h */ = {isa = PBXFileReference; lastKnownFileType = sourcecode.c.h; path = ViewController.h; sourceTree = "<group>"; };
		761583472163E42A00DCDB6C /* ViewController.m */ = {isa = PBXFileReference; lastKnownFileType = sourcecode.c.objc; path = ViewController.m; sourceTree = "<group>"; };
		7615834A2163E42A00DCDB6C /* Base */ = {isa = PBXFileReference; lastKnownFileType = file.storyboard; name = Base; path = Base.lproj/Main.storyboard; sourceTree = "<group>"; };
		7615834C2163E42B00DCDB6C /* Assets.xcassets */ = {isa = PBXFileReference; lastKnownFileType = folder.assetcatalog; path = Assets.xcassets; sourceTree = "<group>"; };
		7615834F2163E42B00DCDB6C /* Base */ = {isa = PBXFileReference; lastKnownFileType = file.storyboard; name = Base; path = Base.lproj/LaunchScreen.storyboard; sourceTree = "<group>"; };
		761583512163E42B00DCDB6C /* Info.plist */ = {isa = PBXFileReference; lastKnownFileType = text.plist.xml; path = Info.plist; sourceTree = "<group>"; };
		761583522163E42B00DCDB6C /* main.m */ = {isa = PBXFileReference; lastKnownFileType = sourcecode.c.objc; path = main.m; sourceTree = "<group>"; };
		761583592163E43D00DCDB6C /* FlurryMarketingSampleApp_Obj.entitlements */ = {isa = PBXFileReference; lastKnownFileType = text.plist.entitlements; path = FlurryMarketingSampleApp_Obj.entitlements; sourceTree = "<group>"; };
		7615835A2163E63B00DCDB6C /* KeyValueTableViewController.h */ = {isa = PBXFileReference; lastKnownFileType = sourcecode.c.h; path = KeyValueTableViewController.h; sourceTree = "<group>"; };
		7615835B2163E63B00DCDB6C /* KeyValueTableViewController.m */ = {isa = PBXFileReference; lastKnownFileType = sourcecode.c.objc; path = KeyValueTableViewController.m; sourceTree = "<group>"; };
		7615835D2163E66900DCDB6C /* FlurryMarketingConfig.plist */ = {isa = PBXFileReference; lastKnownFileType = text.plist.xml; path = FlurryMarketingConfig.plist; sourceTree = "<group>"; };
		7615835F2163E75900DCDB6C /* DeepLinkViewController.h */ = {isa = PBXFileReference; lastKnownFileType = sourcecode.c.h; path = DeepLinkViewController.h; sourceTree = "<group>"; };
		761583602163E75900DCDB6C /* DeepLinkViewController.m */ = {isa = PBXFileReference; lastKnownFileType = sourcecode.c.objc; path = DeepLinkViewController.m; sourceTree = "<group>"; };
		77650ADC3EFFF1A641BD6CE7 /* Pods-FlurryMarketingSampleApp_Obj.debug.xcconfig */ = {isa = PBXFileReference; includeInIndex = 1; lastKnownFileType = text.xcconfig; name = "Pods-FlurryMarketingSampleApp_Obj.debug.xcconfig"; path = "Pods/Target Support Files/Pods-FlurryMarketingSampleApp_Obj/Pods-FlurryMarketingSampleApp_Obj.debug.xcconfig"; sourceTree = "<group>"; };
		B6BB4D30C25F0FCFE1978EA2 /* libPods-FlurryMarketingSampleApp_Obj.a */ = {isa = PBXFileReference; explicitFileType = archive.ar; includeInIndex = 0; path = "libPods-FlurryMarketingSampleApp_Obj.a"; sourceTree = BUILT_PRODUCTS_DIR; };
		F1B670ABA2A8E3C309E64B1F /* Pods-FlurryMarketingSampleApp_Obj.release.xcconfig */ = {isa = PBXFileReference; includeInIndex = 1; lastKnownFileType = text.xcconfig; name = "Pods-FlurryMarketingSampleApp_Obj.release.xcconfig"; path = "Pods/Target Support Files/Pods-FlurryMarketingSampleApp_Obj/Pods-FlurryMarketingSampleApp_Obj.release.xcconfig"; sourceTree = "<group>"; };
/* End PBXFileReference section */

/* Begin PBXFrameworksBuildPhase section */
		7615833D2163E42A00DCDB6C /* Frameworks */ = {
			isa = PBXFrameworksBuildPhase;
			buildActionMask = 2147483647;
			files = (
				346533EC53557214CE39F662 /* libPods-FlurryMarketingSampleApp_Obj.a in Frameworks */,
			);
			runOnlyForDeploymentPostprocessing = 0;
		};
/* End PBXFrameworksBuildPhase section */

/* Begin PBXGroup section */
		3CB73D468CA9272B1ACA1515 /* Pods */ = {
			isa = PBXGroup;
			children = (
				77650ADC3EFFF1A641BD6CE7 /* Pods-FlurryMarketingSampleApp_Obj.debug.xcconfig */,
				F1B670ABA2A8E3C309E64B1F /* Pods-FlurryMarketingSampleApp_Obj.release.xcconfig */,
			);
			name = Pods;
			sourceTree = "<group>";
		};
		761583372163E42A00DCDB6C = {
			isa = PBXGroup;
			children = (
				761583422163E42A00DCDB6C /* FlurryMarketingSampleApp_Obj */,
				761583412163E42A00DCDB6C /* Products */,
				3CB73D468CA9272B1ACA1515 /* Pods */,
				DF609A847942FFD036192DB4 /* Frameworks */,
			);
			sourceTree = "<group>";
		};
		761583412163E42A00DCDB6C /* Products */ = {
			isa = PBXGroup;
			children = (
				761583402163E42A00DCDB6C /* FlurryMarketingSampleApp_Obj.app */,
			);
			name = Products;
			sourceTree = "<group>";
		};
		761583422163E42A00DCDB6C /* FlurryMarketingSampleApp_Obj */ = {
			isa = PBXGroup;
			children = (
				761583592163E43D00DCDB6C /* FlurryMarketingSampleApp_Obj.entitlements */,
				761583432163E42A00DCDB6C /* AppDelegate.h */,
				761583442163E42A00DCDB6C /* AppDelegate.m */,
				761583462163E42A00DCDB6C /* ViewController.h */,
				761583472163E42A00DCDB6C /* ViewController.m */,
				7615835F2163E75900DCDB6C /* DeepLinkViewController.h */,
				761583602163E75900DCDB6C /* DeepLinkViewController.m */,
				761583492163E42A00DCDB6C /* Main.storyboard */,
				7615835D2163E66900DCDB6C /* FlurryMarketingConfig.plist */,
				7615835A2163E63B00DCDB6C /* KeyValueTableViewController.h */,
				7615835B2163E63B00DCDB6C /* KeyValueTableViewController.m */,
				7615834C2163E42B00DCDB6C /* Assets.xcassets */,
				7615834E2163E42B00DCDB6C /* LaunchScreen.storyboard */,
				761583512163E42B00DCDB6C /* Info.plist */,
				761583522163E42B00DCDB6C /* main.m */,
			);
			path = FlurryMarketingSampleApp_Obj;
			sourceTree = "<group>";
		};
		DF609A847942FFD036192DB4 /* Frameworks */ = {
			isa = PBXGroup;
			children = (
				B6BB4D30C25F0FCFE1978EA2 /* libPods-FlurryMarketingSampleApp_Obj.a */,
			);
			name = Frameworks;
			sourceTree = "<group>";
		};
/* End PBXGroup section */

/* Begin PBXNativeTarget section */
		7615833F2163E42A00DCDB6C /* FlurryMarketingSampleApp_Obj */ = {
			isa = PBXNativeTarget;
			buildConfigurationList = 761583562163E42B00DCDB6C /* Build configuration list for PBXNativeTarget "FlurryMarketingSampleApp_Obj" */;
			buildPhases = (
				E08B059CD3D94171FAD2F769 /* [CP] Check Pods Manifest.lock */,
				7615833C2163E42A00DCDB6C /* Sources */,
				7615833D2163E42A00DCDB6C /* Frameworks */,
				7615833E2163E42A00DCDB6C /* Resources */,
			);
			buildRules = (
			);
			dependencies = (
			);
			name = FlurryMarketingSampleApp_Obj;
			productName = FlurryMarketingSampleApp_Obj;
			productReference = 761583402163E42A00DCDB6C /* FlurryMarketingSampleApp_Obj.app */;
			productType = "com.apple.product-type.application";
		};
/* End PBXNativeTarget section */

/* Begin PBXProject section */
		761583382163E42A00DCDB6C /* Project object */ = {
			isa = PBXProject;
			attributes = {
				LastUpgradeCheck = 0940;
				ORGANIZATIONNAME = Flurry;
				TargetAttributes = {
					7615833F2163E42A00DCDB6C = {
						CreatedOnToolsVersion = 9.4.1;
						SystemCapabilities = {
							com.apple.BackgroundModes = {
								enabled = 1;
							};
							com.apple.Push = {
								enabled = 1;
							};
						};
					};
				};
			};
			buildConfigurationList = 7615833B2163E42A00DCDB6C /* Build configuration list for PBXProject "FlurryMarketingSampleApp_Obj" */;
			compatibilityVersion = "Xcode 9.3";
			developmentRegion = en;
			hasScannedForEncodings = 0;
			knownRegions = (
				en,
				Base,
			);
			mainGroup = 761583372163E42A00DCDB6C;
			productRefGroup = 761583412163E42A00DCDB6C /* Products */;
			projectDirPath = "";
			projectRoot = "";
			targets = (
				7615833F2163E42A00DCDB6C /* FlurryMarketingSampleApp_Obj */,
			);
		};
/* End PBXProject section */

/* Begin PBXResourcesBuildPhase section */
		7615833E2163E42A00DCDB6C /* Resources */ = {
			isa = PBXResourcesBuildPhase;
			buildActionMask = 2147483647;
			files = (
				761583502163E42B00DCDB6C /* LaunchScreen.storyboard in Resources */,
				7615835E2163E66900DCDB6C /* FlurryMarketingConfig.plist in Resources */,
				7615834D2163E42B00DCDB6C /* Assets.xcassets in Resources */,
				7615834B2163E42A00DCDB6C /* Main.storyboard in Resources */,
			);
			runOnlyForDeploymentPostprocessing = 0;
		};
/* End PBXResourcesBuildPhase section */

/* Begin PBXShellScriptBuildPhase section */
		E08B059CD3D94171FAD2F769 /* [CP] Check Pods Manifest.lock */ = {
			isa = PBXShellScriptBuildPhase;
			buildActionMask = 2147483647;
			files = (
			);
			inputPaths = (
				"${PODS_PODFILE_DIR_PATH}/Podfile.lock",
				"${PODS_ROOT}/Manifest.lock",
			);
			name = "[CP] Check Pods Manifest.lock";
			outputPaths = (
				"$(DERIVED_FILE_DIR)/Pods-FlurryMarketingSampleApp_Obj-checkManifestLockResult.txt",
			);
			runOnlyForDeploymentPostprocessing = 0;
			shellPath = /bin/sh;
			shellScript = "diff \"${PODS_PODFILE_DIR_PATH}/Podfile.lock\" \"${PODS_ROOT}/Manifest.lock\" > /dev/null\nif [ $? != 0 ] ; then\n    # print error to STDERR\n    echo \"error: The sandbox is not in sync with the Podfile.lock. Run 'pod install' or update your CocoaPods installation.\" >&2\n    exit 1\nfi\n# This output is used by Xcode 'outputs' to avoid re-running this script phase.\necho \"SUCCESS\" > \"${SCRIPT_OUTPUT_FILE_0}\"\n";
			showEnvVarsInLog = 0;
		};
/* End PBXShellScriptBuildPhase section */

/* Begin PBXSourcesBuildPhase section */
		7615833C2163E42A00DCDB6C /* Sources */ = {
			isa = PBXSourcesBuildPhase;
			buildActionMask = 2147483647;
			files = (
				761583482163E42A00DCDB6C /* ViewController.m in Sources */,
				761583612163E75900DCDB6C /* DeepLinkViewController.m in Sources */,
				7615835C2163E63B00DCDB6C /* KeyValueTableViewController.m in Sources */,
				761583532163E42B00DCDB6C /* main.m in Sources */,
				761583452163E42A00DCDB6C /* AppDelegate.m in Sources */,
			);
			runOnlyForDeploymentPostprocessing = 0;
		};
/* End PBXSourcesBuildPhase section */

/* Begin PBXVariantGroup section */
		761583492163E42A00DCDB6C /* Main.storyboard */ = {
			isa = PBXVariantGroup;
			children = (
				7615834A2163E42A00DCDB6C /* Base */,
			);
			name = Main.storyboard;
			sourceTree = "<group>";
		};
		7615834E2163E42B00DCDB6C /* LaunchScreen.storyboard */ = {
			isa = PBXVariantGroup;
			children = (
				7615834F2163E42B00DCDB6C /* Base */,
			);
			name = LaunchScreen.storyboard;
			sourceTree = "<group>";
		};
/* End PBXVariantGroup section */

/* Begin XCBuildConfiguration section */
		761583542163E42B00DCDB6C /* Debug */ = {
			isa = XCBuildConfiguration;
			buildSettings = {
				ALWAYS_SEARCH_USER_PATHS = NO;
				CLANG_ANALYZER_NONNULL = YES;
				CLANG_ANALYZER_NUMBER_OBJECT_CONVERSION = YES_AGGRESSIVE;
				CLANG_CXX_LANGUAGE_STANDARD = "gnu++14";
				CLANG_CXX_LIBRARY = "libc++";
				CLANG_ENABLE_MODULES = YES;
				CLANG_ENABLE_OBJC_ARC = YES;
				CLANG_ENABLE_OBJC_WEAK = YES;
				CLANG_WARN_BLOCK_CAPTURE_AUTORELEASING = YES;
				CLANG_WARN_BOOL_CONVERSION = YES;
				CLANG_WARN_COMMA = YES;
				CLANG_WARN_CONSTANT_CONVERSION = YES;
				CLANG_WARN_DEPRECATED_OBJC_IMPLEMENTATIONS = YES;
				CLANG_WARN_DIRECT_OBJC_ISA_USAGE = YES_ERROR;
				CLANG_WARN_DOCUMENTATION_COMMENTS = YES;
				CLANG_WARN_EMPTY_BODY = YES;
				CLANG_WARN_ENUM_CONVERSION = YES;
				CLANG_WARN_INFINITE_RECURSION = YES;
				CLANG_WARN_INT_CONVERSION = YES;
				CLANG_WARN_NON_LITERAL_NULL_CONVERSION = YES;
				CLANG_WARN_OBJC_IMPLICIT_RETAIN_SELF = YES;
				CLANG_WARN_OBJC_LITERAL_CONVERSION = YES;
				CLANG_WARN_OBJC_ROOT_CLASS = YES_ERROR;
				CLANG_WARN_RANGE_LOOP_ANALYSIS = YES;
				CLANG_WARN_STRICT_PROTOTYPES = YES;
				CLANG_WARN_SUSPICIOUS_MOVE = YES;
				CLANG_WARN_UNGUARDED_AVAILABILITY = YES_AGGRESSIVE;
				CLANG_WARN_UNREACHABLE_CODE = YES;
				CLANG_WARN__DUPLICATE_METHOD_MATCH = YES;
				CODE_SIGN_IDENTITY = "iPhone Developer";
				COPY_PHASE_STRIP = NO;
				DEBUG_INFORMATION_FORMAT = dwarf;
				ENABLE_STRICT_OBJC_MSGSEND = YES;
				ENABLE_TESTABILITY = YES;
				GCC_C_LANGUAGE_STANDARD = gnu11;
				GCC_DYNAMIC_NO_PIC = NO;
				GCC_NO_COMMON_BLOCKS = YES;
				GCC_OPTIMIZATION_LEVEL = 0;
				GCC_PREPROCESSOR_DEFINITIONS = (
					"DEBUG=1",
					"$(inherited)",
				);
				GCC_WARN_64_TO_32_BIT_CONVERSION = YES;
				GCC_WARN_ABOUT_RETURN_TYPE = YES_ERROR;
				GCC_WARN_UNDECLARED_SELECTOR = YES;
				GCC_WARN_UNINITIALIZED_AUTOS = YES_AGGRESSIVE;
				GCC_WARN_UNUSED_FUNCTION = YES;
				GCC_WARN_UNUSED_VARIABLE = YES;
				IPHONEOS_DEPLOYMENT_TARGET = 11.4;
				MTL_ENABLE_DEBUG_INFO = YES;
				ONLY_ACTIVE_ARCH = YES;
				SDKROOT = iphoneos;
			};
			name = Debug;
		};
		761583552163E42B00DCDB6C /* Release */ = {
			isa = XCBuildConfiguration;
			buildSettings = {
				ALWAYS_SEARCH_USER_PATHS = NO;
				CLANG_ANALYZER_NONNULL = YES;
				CLANG_ANALYZER_NUMBER_OBJECT_CONVERSION = YES_AGGRESSIVE;
				CLANG_CXX_LANGUAGE_STANDARD = "gnu++14";
				CLANG_CXX_LIBRARY = "libc++";
				CLANG_ENABLE_MODULES = YES;
				CLANG_ENABLE_OBJC_ARC = YES;
				CLANG_ENABLE_OBJC_WEAK = YES;
				CLANG_WARN_BLOCK_CAPTURE_AUTORELEASING = YES;
				CLANG_WARN_BOOL_CONVERSION = YES;
				CLANG_WARN_COMMA = YES;
				CLANG_WARN_CONSTANT_CONVERSION = YES;
				CLANG_WARN_DEPRECATED_OBJC_IMPLEMENTATIONS = YES;
				CLANG_WARN_DIRECT_OBJC_ISA_USAGE = YES_ERROR;
				CLANG_WARN_DOCUMENTATION_COMMENTS = YES;
				CLANG_WARN_EMPTY_BODY = YES;
				CLANG_WARN_ENUM_CONVERSION = YES;
				CLANG_WARN_INFINITE_RECURSION = YES;
				CLANG_WARN_INT_CONVERSION = YES;
				CLANG_WARN_NON_LITERAL_NULL_CONVERSION = YES;
				CLANG_WARN_OBJC_IMPLICIT_RETAIN_SELF = YES;
				CLANG_WARN_OBJC_LITERAL_CONVERSION = YES;
				CLANG_WARN_OBJC_ROOT_CLASS = YES_ERROR;
				CLANG_WARN_RANGE_LOOP_ANALYSIS = YES;
				CLANG_WARN_STRICT_PROTOTYPES = YES;
				CLANG_WARN_SUSPICIOUS_MOVE = YES;
				CLANG_WARN_UNGUARDED_AVAILABILITY = YES_AGGRESSIVE;
				CLANG_WARN_UNREACHABLE_CODE = YES;
				CLANG_WARN__DUPLICATE_METHOD_MATCH = YES;
				CODE_SIGN_IDENTITY = "iPhone Developer";
				COPY_PHASE_STRIP = NO;
				DEBUG_INFORMATION_FORMAT = "dwarf-with-dsym";
				ENABLE_NS_ASSERTIONS = NO;
				ENABLE_STRICT_OBJC_MSGSEND = YES;
				GCC_C_LANGUAGE_STANDARD = gnu11;
				GCC_NO_COMMON_BLOCKS = YES;
				GCC_WARN_64_TO_32_BIT_CONVERSION = YES;
				GCC_WARN_ABOUT_RETURN_TYPE = YES_ERROR;
				GCC_WARN_UNDECLARED_SELECTOR = YES;
				GCC_WARN_UNINITIALIZED_AUTOS = YES_AGGRESSIVE;
				GCC_WARN_UNUSED_FUNCTION = YES;
				GCC_WARN_UNUSED_VARIABLE = YES;
				IPHONEOS_DEPLOYMENT_TARGET = 11.4;
				MTL_ENABLE_DEBUG_INFO = NO;
				SDKROOT = iphoneos;
				VALIDATE_PRODUCT = YES;
			};
			name = Release;
		};
		761583572163E42B00DCDB6C /* Debug */ = {
			isa = XCBuildConfiguration;
			baseConfigurationReference = 77650ADC3EFFF1A641BD6CE7 /* Pods-FlurryMarketingSampleApp_Obj.debug.xcconfig */;
			buildSettings = {
				ASSETCATALOG_COMPILER_APPICON_NAME = AppIcon;
				CODE_SIGN_ENTITLEMENTS = FlurryMarketingSampleApp_Obj/FlurryMarketingSampleApp_Obj.entitlements;
				CODE_SIGN_STYLE = Automatic;
				DEVELOPMENT_TEAM = S6JSG6FHB3;
				INFOPLIST_FILE = FlurryMarketingSampleApp_Obj/Info.plist;
				IPHONEOS_DEPLOYMENT_TARGET = 9.0;
				LD_RUNPATH_SEARCH_PATHS = (
					"$(inherited)",
					"@executable_path/Frameworks",
				);
				PRODUCT_BUNDLE_IDENTIFIER = Flurry.FlurryMarketingSampleApp;
				PRODUCT_NAME = "$(TARGET_NAME)";
				TARGETED_DEVICE_FAMILY = "1,2";
			};
			name = Debug;
		};
		761583582163E42B00DCDB6C /* Release */ = {
			isa = XCBuildConfiguration;
			baseConfigurationReference = F1B670ABA2A8E3C309E64B1F /* Pods-FlurryMarketingSampleApp_Obj.release.xcconfig */;
			buildSettings = {
				ASSETCATALOG_COMPILER_APPICON_NAME = AppIcon;
				CODE_SIGN_ENTITLEMENTS = FlurryMarketingSampleApp_Obj/FlurryMarketingSampleApp_Obj.entitlements;
				CODE_SIGN_STYLE = Automatic;
				DEVELOPMENT_TEAM = S6JSG6FHB3;
				INFOPLIST_FILE = FlurryMarketingSampleApp_Obj/Info.plist;
				IPHONEOS_DEPLOYMENT_TARGET = 9.0;
				LD_RUNPATH_SEARCH_PATHS = (
					"$(inherited)",
					"@executable_path/Frameworks",
				);
				PRODUCT_BUNDLE_IDENTIFIER = Flurry.FlurryMarketingSampleApp;
				PRODUCT_NAME = "$(TARGET_NAME)";
				TARGETED_DEVICE_FAMILY = "1,2";
			};
			name = Release;
		};
/* End XCBuildConfiguration section */

/* Begin XCConfigurationList section */
		7615833B2163E42A00DCDB6C /* Build configuration list for PBXProject "FlurryMarketingSampleApp_Obj" */ = {
			isa = XCConfigurationList;
			buildConfigurations = (
				761583542163E42B00DCDB6C /* Debug */,
				761583552163E42B00DCDB6C /* Release */,
			);
			defaultConfigurationIsVisible = 0;
			defaultConfigurationName = Release;
		};
		761583562163E42B00DCDB6C /* Build configuration list for PBXNativeTarget "FlurryMarketingSampleApp_Obj" */ = {
			isa = XCConfigurationList;
			buildConfigurations = (
				761583572163E42B00DCDB6C /* Debug */,
				761583582163E42B00DCDB6C /* Release */,
			);
			defaultConfigurationIsVisible = 0;
			defaultConfigurationName = Release;
		};
/* End XCConfigurationList section */
	};
	rootObject = 761583382163E42A00DCDB6C /* Project object */;
}
